
Microsoft Visual Studio Solution File, Format Version 12.00
# Visual Studio Version 17
VisualStudioVersion = 17.2.32519.379
MinimumVisualStudioVersion = 10.0.40219.1
Project("{FAE04EC0-301F-11D3-BF4B-00C04F79EFBC}") = "passgen", "passgen\passgen.csproj", "{D6D0A7AD-D230-420C-B54C-93A2EFA3D580}"
EndProject
Global
	GlobalSection(SolutionConfigurationPlatforms) = preSolution
		Debug|Any CPU = Debug|Any CPU
		Release|Any CPU = Release|Any CPU
	EndGlobalSection
	GlobalSection(ProjectConfigurationPlatforms) = postSolution
		{D6D0A7AD-D230-420C-B54C-93A2EFA3D580}.Debug|Any CPU.ActiveCfg = Debug|Any CPU
		{D6D0A7AD-D230-420C-B54C-93A2EFA3D580}.Debug|Any CPU.Build.0 = Debug|Any CPU
		{D6D0A7AD-D230-420C-B54C-93A2EFA3D580}.Release|Any CPU.ActiveCfg = Release|Any CPU
		{D6D0A7AD-D230-420C-B54C-93A2EFA3D580}.Release|Any CPU.Build.0 = Release|Any CPU
	EndGlobalSection
	GlobalSection(SolutionProperties) = preSolution
		HideSolutionNode = FALSE
	EndGlobalSection
	GlobalSection(ExtensibilityGlobals) = postSolution
		SolutionGuid = {222A61FE-250C-4E15-A686-2BD4E3036CA8}
	EndGlobalSection
EndGlobal
